
Microsoft Visual Studio Solution File, Format Version 12.00
# Visual Studio Version 16
VisualStudioVersion = 16.0.30611.23
MinimumVisualStudioVersion = 10.0.40219.1
Project("{FAE04EC0-301F-11D3-BF4B-00C04F79EFBC}") = "NotebookApp", "NotebookApp.csproj", "{3C4FD509-5B79-4CB7-B51B-AB5ADD7C59EC}"
EndProject
Global
	GlobalSection(SolutionConfigurationPlatforms) = preSolution
		Debug|Any CPU = Debug|Any CPU
		Release|Any CPU = Release|Any CPU
	EndGlobalSection
	GlobalSection(ProjectConfigurationPlatforms) = postSolution
		{3C4FD509-5B79-4CB7-B51B-AB5ADD7C59EC}.Debug|Any CPU.ActiveCfg = Debug|Any CPU
		{3C4FD509-5B79-4CB7-B51B-AB5ADD7C59EC}.Debug|Any CPU.Build.0 = Debug|Any CPU
		{3C4FD509-5B79-4CB7-B51B-AB5ADD7C59EC}.Release|Any CPU.ActiveCfg = Release|Any CPU
		{3C4FD509-5B79-4CB7-B51B-AB5ADD7C59EC}.Release|Any CPU.Build.0 = Release|Any CPU
	EndGlobalSection
	GlobalSection(SolutionProperties) = preSolution
		HideSolutionNode = FALSE
	EndGlobalSection
	GlobalSection(ExtensibilityGlobals) = postSolution
		SolutionGuid = {7693B641-08F6-44D2-883E-E0C22927CB60}
	EndGlobalSection
EndGlobal
